
Microsoft Visual Studio Solution File, Format Version 12.00
# Visual Studio Version 16
VisualStudioVersion = 16.0.28803.202
MinimumVisualStudioVersion = 10.0.40219.1
Project("{9A19103F-16F7-4668-BE54-9A1E7A4F7556}") = "ExpressLocalizationSampleProject", "ExpressLocalizationSampleProject\ExpressLocalizationSampleProject.csproj", "{946E326A-E579-472F-AD3B-D236AFEA0A7D}"
EndProject
Project("{9A19103F-16F7-4668-BE54-9A1E7A4F7556}") = "LazZiya.ExpressLocalization.Resources", "LazZiya.ExpressLocalization.Resources\LazZiya.ExpressLocalization.Resources.csproj", "{BD708630-4C7A-4883-9C28-FCAF0D2556E3}"
EndProject
Global
	GlobalSection(SolutionConfigurationPlatforms) = preSolution
		Debug|Any CPU = Debug|Any CPU
		Release|Any CPU = Release|Any CPU
	EndGlobalSection
	GlobalSection(ProjectConfigurationPlatforms) = postSolution
		{946E326A-E579-472F-AD3B-D236AFEA0A7D}.Debug|Any CPU.ActiveCfg = Debug|Any CPU
		{946E326A-E579-472F-AD3B-D236AFEA0A7D}.Debug|Any CPU.Build.0 = Debug|Any CPU
		{946E326A-E579-472F-AD3B-D236AFEA0A7D}.Release|Any CPU.ActiveCfg = Release|Any CPU
		{946E326A-E579-472F-AD3B-D236AFEA0A7D}.Release|Any CPU.Build.0 = Release|Any CPU
		{BD708630-4C7A-4883-9C28-FCAF0D2556E3}.Debug|Any CPU.ActiveCfg = Debug|Any CPU
		{BD708630-4C7A-4883-9C28-FCAF0D2556E3}.Debug|Any CPU.Build.0 = Debug|Any CPU
		{BD708630-4C7A-4883-9C28-FCAF0D2556E3}.Release|Any CPU.ActiveCfg = Release|Any CPU
		{BD708630-4C7A-4883-9C28-FCAF0D2556E3}.Release|Any CPU.Build.0 = Release|Any CPU
	EndGlobalSection
	GlobalSection(SolutionProperties) = preSolution
		HideSolutionNode = FALSE
	EndGlobalSection
	GlobalSection(ExtensibilityGlobals) = postSolution
		SolutionGuid = {6DF57B90-17EF-4C8F-8B85-23538503C369}
	EndGlobalSection
EndGlobal
