
Microsoft Visual Studio Solution File, Format Version 12.00
# Visual Studio Version 16
VisualStudioVersion = 16.0.28803.202
MinimumVisualStudioVersion = 10.0.40219.1
Project("{FAE04EC0-301F-11D3-BF4B-00C04F79EFBC}") = "LazZiya.Localization", "LazZiya.Localization\LazZiya.Localization.csproj", "{FB191D4A-6086-4BE7-9A0A-08B841B08303}"
EndProject
Global
	GlobalSection(SolutionConfigurationPlatforms) = preSolution
		Debug|Any CPU = Debug|Any CPU
		Release|Any CPU = Release|Any CPU
	EndGlobalSection
	GlobalSection(ProjectConfigurationPlatforms) = postSolution
		{FB191D4A-6086-4BE7-9A0A-08B841B08303}.Debug|Any CPU.ActiveCfg = Debug|Any CPU
		{FB191D4A-6086-4BE7-9A0A-08B841B08303}.Debug|Any CPU.Build.0 = Debug|Any CPU
		{FB191D4A-6086-4BE7-9A0A-08B841B08303}.Release|Any CPU.ActiveCfg = Release|Any CPU
		{FB191D4A-6086-4BE7-9A0A-08B841B08303}.Release|Any CPU.Build.0 = Release|Any CPU
	EndGlobalSection
	GlobalSection(SolutionProperties) = preSolution
		HideSolutionNode = FALSE
	EndGlobalSection
	GlobalSection(ExtensibilityGlobals) = postSolution
		SolutionGuid = {6DF57B90-17EF-4C8F-8B85-23538503C369}
	EndGlobalSection
EndGlobal
