
Microsoft Visual Studio Solution File, Format Version 12.00
# Visual Studio Version 16
VisualStudioVersion = 16.0.28803.202
MinimumVisualStudioVersion = 10.0.40219.1
Project("{9A19103F-16F7-4668-BE54-9A1E7A4F7556}") = "SampleProject", "SampleProject\SampleProject.csproj", "{3AB2C63F-B772-4275-AAA4-FD1D056E7785}"
EndProject
Project("{9A19103F-16F7-4668-BE54-9A1E7A4F7556}") = "LazZiya.ExpressLocalization", "..\ExpressLocalization\LazZiya.ExpressLocalization\LazZiya.ExpressLocalization.csproj", "{A8EB8844-F444-4100-9259-E90FB4B013B6}"
EndProject
Project("{9A19103F-16F7-4668-BE54-9A1E7A4F7556}") = "LazZiya.Localization.Resources", "..\Localization.Resources\LazZiya.Localization.Resources\LazZiya.Localization.Resources.csproj", "{6FE8F669-A8AA-44E8-9C3B-00B28E7F19C3}"
EndProject
Global
	GlobalSection(SolutionConfigurationPlatforms) = preSolution
		Debug|Any CPU = Debug|Any CPU
		Release|Any CPU = Release|Any CPU
	EndGlobalSection
	GlobalSection(ProjectConfigurationPlatforms) = postSolution
		{3AB2C63F-B772-4275-AAA4-FD1D056E7785}.Debug|Any CPU.ActiveCfg = Debug|Any CPU
		{3AB2C63F-B772-4275-AAA4-FD1D056E7785}.Debug|Any CPU.Build.0 = Debug|Any CPU
		{3AB2C63F-B772-4275-AAA4-FD1D056E7785}.Release|Any CPU.ActiveCfg = Release|Any CPU
		{3AB2C63F-B772-4275-AAA4-FD1D056E7785}.Release|Any CPU.Build.0 = Release|Any CPU
		{A8EB8844-F444-4100-9259-E90FB4B013B6}.Debug|Any CPU.ActiveCfg = Debug|Any CPU
		{A8EB8844-F444-4100-9259-E90FB4B013B6}.Debug|Any CPU.Build.0 = Debug|Any CPU
		{A8EB8844-F444-4100-9259-E90FB4B013B6}.Release|Any CPU.ActiveCfg = Release|Any CPU
		{A8EB8844-F444-4100-9259-E90FB4B013B6}.Release|Any CPU.Build.0 = Release|Any CPU
		{6FE8F669-A8AA-44E8-9C3B-00B28E7F19C3}.Debug|Any CPU.ActiveCfg = Debug|Any CPU
		{6FE8F669-A8AA-44E8-9C3B-00B28E7F19C3}.Debug|Any CPU.Build.0 = Debug|Any CPU
		{6FE8F669-A8AA-44E8-9C3B-00B28E7F19C3}.Release|Any CPU.ActiveCfg = Release|Any CPU
		{6FE8F669-A8AA-44E8-9C3B-00B28E7F19C3}.Release|Any CPU.Build.0 = Release|Any CPU
	EndGlobalSection
	GlobalSection(SolutionProperties) = preSolution
		HideSolutionNode = FALSE
	EndGlobalSection
	GlobalSection(ExtensibilityGlobals) = postSolution
		SolutionGuid = {6DF57B90-17EF-4C8F-8B85-23538503C369}
	EndGlobalSection
EndGlobal
